# This file is generated by running "yarn install" inside your project.
# Manual changes might be lost - proceed with caution!

__metadata:
  version: 10
  cacheKey: 10

"@isaacs/fs-minipass@npm:^4.0.0":
  version: 4.0.1
  resolution: "@isaacs/fs-minipass@npm:4.0.1"
  dependencies:
    minipass: "npm:^7.0.4"
  checksum: 10/4412e9e6713c89c1e66d80bb0bb5a2a93192f10477623a27d08f228ba0316bb880affabc5bfe7f838f58a34d26c2c190da726e576cdfc18c49a72e89adabdcf5
  languageName: node
  linkType: hard

"@serialport/binding-mock@npm:10.2.2":
  version: 10.2.2
  resolution: "@serialport/binding-mock@npm:10.2.2"
  dependencies:
    "@serialport/bindings-interface": "npm:^1.2.1"
    debug: "npm:^4.3.3"
  checksum: 10/7f4fcc70d48e35c3f0cc9d9a422863ac8613693c6b0b7138bf7959afca5c1da45f927f3f3af728bd29e02a0174c5a4e80b6d9223c97137d7640f987f6ed200b7
  languageName: node
  linkType: hard

"@serialport/bindings-cpp@npm:12.0.1":
  version: 12.0.1
  resolution: "@serialport/bindings-cpp@npm:12.0.1"
  dependencies:
    "@serialport/bindings-interface": "npm:1.2.2"
    "@serialport/parser-readline": "npm:11.0.0"
    debug: "npm:4.3.4"
    node-addon-api: "npm:7.0.0"
    node-gyp: "npm:latest"
    node-gyp-build: "npm:4.6.0"
  checksum: 10/095ab46c39458fe3c1698a991907e0f9da268c306b66c9810fe34b6f5c6040b41be51d1a4dfc3a315aee3e12dcc01d47fcc7767574eb97aa5149e5d0d489a8aa
  languageName: node
  linkType: hard

"@serialport/bindings-interface@npm:1.2.2, @serialport/bindings-interface@npm:^1.2.1":
  version: 1.2.2
  resolution: "@serialport/bindings-interface@npm:1.2.2"
  checksum: 10/f0c0d67ed89582184d117cf2eb22c0b2d157604ca7a816851bcd8af0b447c68b587a8a21a61b7bda390ce142981bfb3115a7cf44c6c258a98c28fd9f0c30bcd6
  languageName: node
  linkType: hard

"@serialport/parser-byte-length@npm:12.0.0":
  version: 12.0.0
  resolution: "@serialport/parser-byte-length@npm:12.0.0"
  checksum: 10/531860294f74ecd33f5db22688a11325b367832e0b57b292f9b7d6deab11ab22723094022855b8966e9149a7449bde4456fac43fc347a1f7cc4efc271f855909
  languageName: node
  linkType: hard

"@serialport/parser-cctalk@npm:12.0.0":
  version: 12.0.0
  resolution: "@serialport/parser-cctalk@npm:12.0.0"
  checksum: 10/c124a650889956728cbdbb4a5ecac128fe61a8f1c89e803a76f59fe41c41dbd10ecf906645cb0c644a9e5ed04e092853efd5ad277ba170ba43d091f105d1bfeb
  languageName: node
  linkType: hard

"@serialport/parser-delimiter@npm:11.0.0":
  version: 11.0.0
  resolution: "@serialport/parser-delimiter@npm:11.0.0"
  checksum: 10/4506fe22cb5c73cc3fc9a1543d230691bcf275f173f9689eb1024d56ebc19ab3aa4bb530ee668e85803cfaa0af9bb376fc9cbb0056fa36bf4bc299f83959015e
  languageName: node
  linkType: hard

"@serialport/parser-delimiter@npm:12.0.0":
  version: 12.0.0
  resolution: "@serialport/parser-delimiter@npm:12.0.0"
  checksum: 10/dcfdc3e5f4419d0aa5444bc0042674c46c63c82daee0c5e673c36c54539e846c4b6de233b7ba1f7df0ad72cd369fc117673c5cbec4833d2018e9fb584d916316
  languageName: node
  linkType: hard

"@serialport/parser-inter-byte-timeout@npm:12.0.0":
  version: 12.0.0
  resolution: "@serialport/parser-inter-byte-timeout@npm:12.0.0"
  checksum: 10/cd0b7cc2a353d2e1168fb3e8b05c6561c3f5a905c98b74081388518d23db0678c903eb2b9cbd0043a6b8b24b89bdae99af465c3b248e0c5438a9eac8cb4d1504
  languageName: node
  linkType: hard

"@serialport/parser-packet-length@npm:12.0.0":
  version: 12.0.0
  resolution: "@serialport/parser-packet-length@npm:12.0.0"
  checksum: 10/dd816315b2402c649e28160f15f843a94651d430936d23380c8cdf135c0f2dfab402dd6360ae89353a820d846e7c8ee2671ec6884c622b9698f6e13a1d37ff54
  languageName: node
  linkType: hard

"@serialport/parser-readline@npm:11.0.0":
  version: 11.0.0
  resolution: "@serialport/parser-readline@npm:11.0.0"
  dependencies:
    "@serialport/parser-delimiter": "npm:11.0.0"
  checksum: 10/22534cfe51f2af14ac8ebd8ce4af03c47b8966951f80b0d889857bc8e26f6d1adf208b420412c4c3cefe432dbeb4ac68e4a4afc7df613159b81c3017181a929b
  languageName: node
  linkType: hard

"@serialport/parser-readline@npm:12.0.0":
  version: 12.0.0
  resolution: "@serialport/parser-readline@npm:12.0.0"
  dependencies:
    "@serialport/parser-delimiter": "npm:12.0.0"
  checksum: 10/816830c724ce209cf89bca5b95cc2ee537232eff8d26dc15b3ba5eacbb05947e96689d254fb9d7250d97297e80a73240795fcbd11a64873d4b1dfa6ee80825f6
  languageName: node
  linkType: hard

"@serialport/parser-ready@npm:12.0.0":
  version: 12.0.0
  resolution: "@serialport/parser-ready@npm:12.0.0"
  checksum: 10/9b4971a39e69ec69ff3e2245291d53030a4de8eadf102e1b3e97f050ec764aeb50fab2b459fec46454eb114edf6004330d7385cc2b9b09d68789b062d1ee9c45
  languageName: node
  linkType: hard

"@serialport/parser-regex@npm:12.0.0":
  version: 12.0.0
  resolution: "@serialport/parser-regex@npm:12.0.0"
  checksum: 10/308d0422d6765feaa3ce60273deb09866741b91b981c4043350316c35a97c58510986d9bcea4149b59f027a73badb86206da8e2e92683802596d721cf10ea097
  languageName: node
  linkType: hard

"@serialport/parser-slip-encoder@npm:12.0.0":
  version: 12.0.0
  resolution: "@serialport/parser-slip-encoder@npm:12.0.0"
  checksum: 10/cb7d34bcced9431c97247416307ac42019c1202771f35df9af813b2019f44d5f98af0ec5203491be652641094094510d764951778a41d5ebd65f9a5c9c7c379e
  languageName: node
  linkType: hard

"@serialport/parser-spacepacket@npm:12.0.0":
  version: 12.0.0
  resolution: "@serialport/parser-spacepacket@npm:12.0.0"
  checksum: 10/a474d8c1eada02418247c3abe099b97091c814f16b4a1509f589991da3c681fc50baeef1c640d7ca8517125c7b3983470d758a6a2565a25a80cc46386ec0c4ea
  languageName: node
  linkType: hard

"@serialport/stream@npm:12.0.0":
  version: 12.0.0
  resolution: "@serialport/stream@npm:12.0.0"
  dependencies:
    "@serialport/bindings-interface": "npm:1.2.2"
    debug: "npm:4.3.4"
  checksum: 10/48757436a54b5e04ef3a76400779987c90798952709cf9656a7f5046be3e62e93bd3d5823e5123bfb6245684c9253c8141689426c49f13fcf457a9dc96019911
  languageName: node
  linkType: hard

"@stoprocent/bluetooth-hci-socket@npm:^2.3.0":
  version: 2.3.0
  resolution: "@stoprocent/bluetooth-hci-socket@npm:2.3.0"
  dependencies:
    async: "npm:^3.2.6"
    debug: "npm:^4.3.7"
    node-addon-api: "npm:^8.3.1"
    node-gyp: "npm:latest"
    node-gyp-build: "npm:^4.8.4"
    patch-package: "npm:^8.0.0"
    serialport: "npm:^12.0.0"
    usb: "npm:^2.14.0"
  dependenciesMeta:
    usb:
      optional: true
  conditions: (os=linux | os=android | os=freebsd | os=win32 | os=darwin)
  languageName: node
  linkType: hard

"@stoprocent/noble@npm:2.7.1":
  version: 2.7.1
  resolution: "@stoprocent/noble@npm:2.7.1"
  dependencies:
    "@stoprocent/bluetooth-hci-socket": "npm:^2.3.0"
    debug: "npm:^4.3.7"
    node-addon-api: "npm:^8.1.0"
    node-gyp: "npm:latest"
    node-gyp-build: "npm:^4.8.1"
    patch-package: "npm:^8.0.0"
  peerDependencies:
    dbus-next: ^0.10.0
  dependenciesMeta:
    "@stoprocent/bluetooth-hci-socket":
      optional: true
  peerDependenciesMeta:
    dbus-next:
      optional: true
  checksum: 10/05d87b5ef4a41cac345ee9731337555824bd280bd37810362891e1710d1fae1ea0a69da9ebd3299a6cca200f9331ee6ddb7e83ccd6602c39b12b88b5c9caa884
  languageName: node
  linkType: hard

"@thi.ng/api@npm:^8.12.27":
  version: 8.12.27
  resolution: "@thi.ng/api@npm:8.12.27"
  checksum: 10/8e1859dbd1fe2e49c14c980ac7713c063fb5961763f190804b9ed6ae35e7f9560656fd447c24618c50273ededa3a4bb079387729e1ab6243f1ce08e633bb4ebe
  languageName: node
  linkType: hard

"@thi.ng/atom@npm:5.3.69":
  version: 5.3.69
  resolution: "@thi.ng/atom@npm:5.3.69"
  dependencies:
    "@thi.ng/api": "npm:^8.12.27"
    "@thi.ng/equiv": "npm:^2.1.116"
    "@thi.ng/errors": "npm:^2.6.16"
    "@thi.ng/paths": "npm:^5.2.47"
  checksum: 10/cb7f0d38c93e02c40efd00a605af99557c955b369788bbbaf0dfcb4bb707cf68e5a4c84068e284118834d588c45d6b5012a94fb5bf7ed10f33ebcf6ecdb1161b
  languageName: node
  linkType: hard

"@thi.ng/checks@npm:^3.11.0":
  version: 3.11.0
  resolution: "@thi.ng/checks@npm:3.11.0"
  checksum: 10/e8ea5b0789cab9b4660a75ca00ef0f715b96051f9b76ee6f542c2d375b5e54ef6fd89d607502c4544fb96f571898d71113d40fa65e2dfb5d16496555d7261949
  languageName: node
  linkType: hard

"@thi.ng/equiv@npm:^2.1.116":
  version: 2.1.116
  resolution: "@thi.ng/equiv@npm:2.1.116"
  checksum: 10/81131b85211aacbf88183d3ef3b5b6ec930040df4a99414e6aefad99427051c0a8d68e572292f4efab97d2b09175974a8084f7a9755a60591de7c41eecf22d24
  languageName: node
  linkType: hard

"@thi.ng/errors@npm:^2.6.16":
  version: 2.6.16
  resolution: "@thi.ng/errors@npm:2.6.16"
  checksum: 10/92a5e26aa1ce3e9a4f5cf9676bd8cb4bdbaca61e8fa527efa0edc200b67fd7bee4deae7e51b542b6e84879ed78eb91ed7b1a01374a08e997de2518bf5ac77df2
  languageName: node
  linkType: hard

"@thi.ng/paths@npm:^5.2.47":
  version: 5.2.47
  resolution: "@thi.ng/paths@npm:5.2.47"
  dependencies:
    "@thi.ng/api": "npm:^8.12.27"
    "@thi.ng/checks": "npm:^3.11.0"
    "@thi.ng/errors": "npm:^2.6.16"
  checksum: 10/cbbd15fb2595651b7b6ac7a5e52e57dcb49af80ded5b9b49ffd34fce71a4376f985f73dc6e45840b77eb6ea6e0d333862bee89434cdb2a2fcfb8d74211977579
  languageName: node
  linkType: hard

"@types/w3c-web-usb@npm:^1.0.6":
  version: 1.0.14
  resolution: "@types/w3c-web-usb@npm:1.0.14"
  checksum: 10/53f04db6969fd859a3f7cf62b699060e97f39f6da30fe292c9c5e74ed3f3a8acf50c7574dcadfc1a1a6860558905e78f0de11eaf26b1905edf822e44c6dfef26
  languageName: node
  linkType: hard

"@yarnpkg/lockfile@npm:^1.1.0":
  version: 1.1.0
  resolution: "@yarnpkg/lockfile@npm:1.1.0"
  checksum: 10/cd19e1114aaf10a05126aeea8833ef4ca8af8a46e88e12884f8359d19333fd19711036dbc2698dbe937f81f037070cf9a8da45c2e8c6ca19cafd7d15659094ed
  languageName: node
  linkType: hard

"abbrev@npm:^5.0.0":
  version: 5.0.0
  resolution: "abbrev@npm:5.0.0"
  checksum: 10/a32641fb7a8ba0ad6f65efda80a632c965a2567f52c988897bffc47f473c4e9c3f0166de19d939866b1ed58ec50ce36f697d54a476589ca2706f8b5605ed41f0
  languageName: node
  linkType: hard

"ansi-styles@npm:^4.1.0":
  version: 4.3.0
  resolution: "ansi-styles@npm:4.3.0"
  dependencies:
    color-convert: "npm:^2.0.1"
  checksum: 10/b4494dfbfc7e4591b4711a396bd27e540f8153914123dccb4cdbbcb514015ada63a3809f362b9d8d4f6b17a706f1d7bea3c6f974b15fa5ae76b5b502070889ff
  languageName: node
  linkType: hard

"async-function@npm:^1.0.0":
  version: 1.0.0
  resolution: "async-function@npm:1.0.0"
  checksum: 10/1a09379937d846f0ce7614e75071c12826945d4e417db634156bf0e4673c495989302f52186dfa9767a1d9181794554717badd193ca2bbab046ef1da741d8efd
  languageName: node
  linkType: hard

"async-generator-function@npm:^1.0.0":
  version: 1.0.0
  resolution: "async-generator-function@npm:1.0.0"
  checksum: 10/3d49e7acbeee9e84537f4cb0e0f91893df8eba976759875ae8ee9e3d3c82f6ecdebdb347c2fad9926b92596d93cdfc78ecc988bcdf407e40433e8e8e6fe5d78e
  languageName: node
  linkType: hard

"async@npm:^3.2.6":
  version: 3.2.6
  resolution: "async@npm:3.2.6"
  checksum: 10/cb6e0561a3c01c4b56a799cc8bab6ea5fef45f069ab32500b6e19508db270ef2dffa55e5aed5865c5526e9907b1f8be61b27530823b411ffafb5e1538c86c368
  languageName: node
  linkType: hard

"braces@npm:^3.0.3":
  version: 3.0.3
  resolution: "braces@npm:3.0.3"
  dependencies:
    fill-range: "npm:^7.1.1"
  checksum: 10/fad11a0d4697a27162840b02b1fad249c1683cbc510cd5bf1a471f2f8085c046d41094308c577a50a03a579dd99d5a6b3724c4b5e8b14df2c4443844cfcda2c6
  languageName: node
  linkType: hard

"call-bind-apply-helpers@npm:^1.0.1, call-bind-apply-helpers@npm:^1.0.2":
  version: 1.0.2
  resolution: "call-bind-apply-helpers@npm:1.0.2"
  dependencies:
    es-errors: "npm:^1.3.0"
    function-bind: "npm:^1.1.2"
  checksum: 10/00482c1f6aa7cfb30fb1dbeb13873edf81cfac7c29ed67a5957d60635a56b2a4a480f1016ddbdb3395cc37900d46037fb965043a51c5c789ffeab4fc535d18b5
  languageName: node
  linkType: hard

"call-bind@npm:^1.0.8":
  version: 1.0.9
  resolution: "call-bind@npm:1.0.9"
  dependencies:
    call-bind-apply-helpers: "npm:^1.0.2"
    es-define-property: "npm:^1.0.1"
    get-intrinsic: "npm:^1.3.0"
    set-function-length: "npm:^1.2.2"
  checksum: 10/25b1a98d6158f0adf9fface594ca82be4e3ed481d8ff7f36ad1fccb0c8377e38c6a04ff3248693723222d378677e93077c739defc8a6741c82b7e00bcee1245d
  languageName: node
  linkType: hard

"call-bound@npm:^1.0.4":
  version: 1.0.4
  resolution: "call-bound@npm:1.0.4"
  dependencies:
    call-bind-apply-helpers: "npm:^1.0.2"
    get-intrinsic: "npm:^1.3.0"
  checksum: 10/ef2b96e126ec0e58a7ff694db43f4d0d44f80e641370c21549ed911fecbdbc2df3ebc9bddad918d6bbdefeafb60bb3337902006d5176d72bcd2da74820991af7
  languageName: node
  linkType: hard

"caller@npm:^1.1.0":
  version: 1.1.0
  resolution: "caller@npm:1.1.0"
  checksum: 10/b7815613d89c29fbfd3ee086094e678c9c66fdf913e1840204aa1be09755f2c173daf12eb44ad38283980c8d5c41d4474bb8fefb14de530895c2bc616920fe24
  languageName: node
  linkType: hard

"chalk@npm:^4.1.2":
  version: 4.1.2
  resolution: "chalk@npm:4.1.2"
  dependencies:
    ansi-styles: "npm:^4.1.0"
    supports-color: "npm:^7.1.0"
  checksum: 10/cb3f3e594913d63b1814d7ca7c9bafbf895f75fbf93b92991980610dfd7b48500af4e3a5d4e3a8f337990a96b168d7eb84ee55efdce965e2ee8efc20f8c8f139
  languageName: node
  linkType: hard

"chownr@npm:^3.0.0":
  version: 3.0.0
  resolution: "chownr@npm:3.0.0"
  checksum: 10/b63cb1f73d171d140a2ed8154ee6566c8ab775d3196b0e03a2a94b5f6a0ce7777ee5685ca56849403c8d17bd457a6540672f9a60696a6137c7a409097495b82c
  languageName: node
  linkType: hard

"ci-info@npm:^3.7.0":
  version: 3.9.0
  resolution: "ci-info@npm:3.9.0"
  checksum: 10/75bc67902b4d1c7b435497adeb91598f6d52a3389398e44294f6601b20cfef32cf2176f7be0eb961d9e085bb333a8a5cae121cb22f81cf238ae7f58eb80e9397
  languageName: node
  linkType: hard

"color-convert@npm:^2.0.1":
  version: 2.0.1
  resolution: "color-convert@npm:2.0.1"
  dependencies:
    color-name: "npm:~1.1.4"
  checksum: 10/fa00c91b4332b294de06b443923246bccebe9fab1b253f7fe1772d37b06a2269b4039a85e309abe1fe11b267b11c08d1d0473fda3badd6167f57313af2887a64
  languageName: node
  linkType: hard

"color-name@npm:~1.1.4":
  version: 1.1.4
  resolution: "color-name@npm:1.1.4"
  checksum: 10/b0445859521eb4021cd0fb0cc1a75cecf67fceecae89b63f62b201cca8d345baf8b952c966862a9d9a2632987d4f6581f0ec8d957dfacece86f0a7919316f610
  languageName: node
  linkType: hard

"cross-spawn@npm:^7.0.3":
  version: 7.0.6
  resolution: "cross-spawn@npm:7.0.6"
  dependencies:
    path-key: "npm:^3.1.0"
    shebang-command: "npm:^2.0.0"
    which: "npm:^2.0.1"
  checksum: 10/0d52657d7ae36eb130999dffff1168ec348687b48dd38e2ff59992ed916c88d328cf1d07ff4a4a10bc78de5e1c23f04b306d569e42f7a2293915c081e4dfee86
  languageName: node
  linkType: hard

"data-uri-to-buffer@npm:^4.0.0":
  version: 4.0.1
  resolution: "data-uri-to-buffer@npm:4.0.1"
  checksum: 10/0d0790b67ffec5302f204c2ccca4494f70b4e2d940fea3d36b09f0bb2b8539c2e86690429eb1f1dc4bcc9e4df0644193073e63d9ee48ac9fce79ec1506e4aa4c
  languageName: node
  linkType: hard

"debug@npm:4.3.4":
  version: 4.3.4
  resolution: "debug@npm:4.3.4"
  dependencies:
    ms: "npm:2.1.2"
  peerDependenciesMeta:
    supports-color:
      optional: true
  checksum: 10/0073c3bcbd9cb7d71dd5f6b55be8701af42df3e56e911186dfa46fac3a5b9eb7ce7f377dd1d3be6db8977221f8eb333d945216f645cf56f6b688cd484837d255
  languageName: node
  linkType: hard

"debug@npm:^4.3.3, debug@npm:^4.3.7":
  version: 4.4.3
  resolution: "debug@npm:4.4.3"
  dependencies:
    ms: "npm:^2.1.3"
  peerDependenciesMeta:
    supports-color:
      optional: true
  checksum: 10/9ada3434ea2993800bd9a1e320bd4aa7af69659fb51cca685d390949434bc0a8873c21ed7c9b852af6f2455a55c6d050aa3937d52b3c69f796dab666f762acad
  languageName: node
  linkType: hard

"define-data-property@npm:^1.1.4":
  version: 1.1.4
  resolution: "define-data-property@npm:1.1.4"
  dependencies:
    es-define-property: "npm:^1.0.0"
    es-errors: "npm:^1.3.0"
    gopd: "npm:^1.0.1"
  checksum: 10/abdcb2505d80a53524ba871273e5da75e77e52af9e15b3aa65d8aad82b8a3a424dad7aee2cc0b71470ac7acf501e08defac362e8b6a73cdb4309f028061df4ae
  languageName: node
  linkType: hard

"dunder-proto@npm:^1.0.1":
  version: 1.0.1
  resolution: "dunder-proto@npm:1.0.1"
  dependencies:
    call-bind-apply-helpers: "npm:^1.0.1"
    es-errors: "npm:^1.3.0"
    gopd: "npm:^1.2.0"
  checksum: 10/5add88a3d68d42d6e6130a0cac450b7c2edbe73364bbd2fc334564418569bea97c6943a8fcd70e27130bf32afc236f30982fc4905039b703f23e9e0433c29934
  languageName: node
  linkType: hard

"env-paths@npm:^2.2.0":
  version: 2.2.1
  resolution: "env-paths@npm:2.2.1"
  checksum: 10/65b5df55a8bab92229ab2b40dad3b387fad24613263d103a97f91c9fe43ceb21965cd3392b1ccb5d77088021e525c4e0481adb309625d0cb94ade1d1fb8dc17e
  languageName: node
  linkType: hard

"es-define-property@npm:^1.0.0, es-define-property@npm:^1.0.1":
  version: 1.0.1
  resolution: "es-define-property@npm:1.0.1"
  checksum: 10/f8dc9e660d90919f11084db0a893128f3592b781ce967e4fccfb8f3106cb83e400a4032c559184ec52ee1dbd4b01e7776c7cd0b3327b1961b1a4a7008920fe78
  languageName: node
  linkType: hard

"es-errors@npm:^1.3.0":
  version: 1.3.0
  resolution: "es-errors@npm:1.3.0"
  checksum: 10/96e65d640156f91b707517e8cdc454dd7d47c32833aa3e85d79f24f9eb7ea85f39b63e36216ef0114996581969b59fe609a94e30316b08f5f4df1d44134cf8d5
  languageName: node
  linkType: hard

"es-object-atoms@npm:^1.0.0, es-object-atoms@npm:^1.1.1":
  version: 1.1.2
  resolution: "es-object-atoms@npm:1.1.2"
  dependencies:
    es-errors: "npm:^1.3.0"
  checksum: 10/70041de72ab8996df74c17775cdedb8a0c36eb09a4111921d974f7d018af963023bb035a328b5772c2851daa40fb49f52313be0418763a975cb42cb6fe723255
  languageName: node
  linkType: hard

"exponential-backoff@npm:^3.1.1":
  version: 3.1.3
  resolution: "exponential-backoff@npm:3.1.3"
  checksum: 10/ca25962b4bbab943b7c4ed0b5228e263833a5063c65e1cdeac4be9afad350aae5466e8e619b5051f4f8d37b2144a2d6e8fcc771b6cc82934f7dade2f964f652c
  languageName: node
  linkType: hard

"fdir@npm:^6.5.0":
  version: 6.5.0
  resolution: "fdir@npm:6.5.0"
  peerDependencies:
    picomatch: ^3 || ^4
  peerDependenciesMeta:
    picomatch:
      optional: true
  checksum: 10/14ca1c9f0a0e8f4f2e9bf4e8551065a164a09545dae548c12a18d238b72e51e5a7b39bd8e5494b56463a0877672d0a6c1ef62c6fa0677db1b0c847773be939b1
  languageName: node
  linkType: hard

"fetch-blob@npm:^3.1.2, fetch-blob@npm:^3.1.4":
  version: 3.2.0
  resolution: "fetch-blob@npm:3.2.0"
  dependencies:
    node-domexception: "npm:^1.0.0"
    web-streams-polyfill: "npm:^3.0.3"
  checksum: 10/5264ecceb5fdc19eb51d1d0359921f12730941e333019e673e71eb73921146dceabcb0b8f534582be4497312d656508a439ad0f5edeec2b29ab2e10c72a1f86b
  languageName: node
  linkType: hard

"fill-range@npm:^7.1.1":
  version: 7.1.1
  resolution: "fill-range@npm:7.1.1"
  dependencies:
    to-regex-range: "npm:^5.0.1"
  checksum: 10/a7095cb39e5bc32fada2aa7c7249d3f6b01bd1ce461a61b0adabacccabd9198500c6fb1f68a7c851a657e273fce2233ba869638897f3d7ed2e87a2d89b4436ea
  languageName: node
  linkType: hard

"find-yarn-workspace-root@npm:^2.0.0":
  version: 2.0.0
  resolution: "find-yarn-workspace-root@npm:2.0.0"
  dependencies:
    micromatch: "npm:^4.0.2"
  checksum: 10/7fa7942849eef4d5385ee96a0a9a5a9afe885836fd72ed6a4280312a38690afea275e7d09b343fe97daf0412d833f8ac4b78c17fc756386d9ebebf0759d707a7
  languageName: node
  linkType: hard

"formdata-polyfill@npm:^4.0.10":
  version: 4.0.10
  resolution: "formdata-polyfill@npm:4.0.10"
  dependencies:
    fetch-blob: "npm:^3.1.2"
  checksum: 10/9b5001d2edef3c9449ac3f48bd4f8cc92e7d0f2e7c1a5c8ba555ad4e77535cc5cf621fabe49e97f304067037282dd9093b9160a3cb533e46420b446c4e6bc06f
  languageName: node
  linkType: hard

"fs-extra@npm:^10.0.0":
  version: 10.1.0
  resolution: "fs-extra@npm:10.1.0"
  dependencies:
    graceful-fs: "npm:^4.2.0"
    jsonfile: "npm:^6.0.1"
    universalify: "npm:^2.0.0"
  checksum: 10/05ce2c3b59049bcb7b52001acd000e44b3c4af4ec1f8839f383ef41ec0048e3cfa7fd8a637b1bddfefad319145db89be91f4b7c1db2908205d38bf91e7d1d3b7
  languageName: node
  linkType: hard

"function-bind@npm:^1.1.2":
  version: 1.1.2
  resolution: "function-bind@npm:1.1.2"
  checksum: 10/185e20d20f10c8d661d59aac0f3b63b31132d492e1b11fcc2a93cb2c47257ebaee7407c38513efd2b35cafdf972d9beb2ea4593c1e0f3bf8f2744836928d7454
  languageName: node
  linkType: hard

"generator-function@npm:^2.0.0":
  version: 2.0.1
  resolution: "generator-function@npm:2.0.1"
  checksum: 10/eb7e7eb896c5433f3d40982b2ccacdb3dd990dd3499f14040e002b5d54572476513be8a2e6f9609f6e41ab29f2c4469307611ddbfc37ff4e46b765c326663805
  languageName: node
  linkType: hard

"get-intrinsic@npm:^1.2.4, get-intrinsic@npm:^1.3.0":
  version: 1.3.1
  resolution: "get-intrinsic@npm:1.3.1"
  dependencies:
    async-function: "npm:^1.0.0"
    async-generator-function: "npm:^1.0.0"
    call-bind-apply-helpers: "npm:^1.0.2"
    es-define-property: "npm:^1.0.1"
    es-errors: "npm:^1.3.0"
    es-object-atoms: "npm:^1.1.1"
    function-bind: "npm:^1.1.2"
    generator-function: "npm:^2.0.0"
    get-proto: "npm:^1.0.1"
    gopd: "npm:^1.2.0"
    has-symbols: "npm:^1.1.0"
    hasown: "npm:^2.0.2"
    math-intrinsics: "npm:^1.1.0"
  checksum: 10/bb579dda84caa4a3a41611bdd483dade7f00f246f2a7992eb143c5861155290df3fdb48a8406efa3dfb0b434e2c8fafa4eebd469e409d0439247f85fc3fa2cc1
  languageName: node
  linkType: hard

"get-proto@npm:^1.0.1":
  version: 1.0.1
  resolution: "get-proto@npm:1.0.1"
  dependencies:
    dunder-proto: "npm:^1.0.1"
    es-object-atoms: "npm:^1.0.0"
  checksum: 10/4fc96afdb58ced9a67558698b91433e6b037aaa6f1493af77498d7c85b141382cf223c0e5946f334fb328ee85dfe6edd06d218eaf09556f4bc4ec6005d7f5f7b
  languageName: node
  linkType: hard

"gopd@npm:^1.0.1, gopd@npm:^1.2.0":
  version: 1.2.0
  resolution: "gopd@npm:1.2.0"
  checksum: 10/94e296d69f92dc1c0768fcfeecfb3855582ab59a7c75e969d5f96ce50c3d201fd86d5a2857c22565764d5bb8a816c7b1e58f133ec318cd56274da36c5e3fb1a1
  languageName: node
  linkType: hard

"graceful-fs@npm:^4.1.11, graceful-fs@npm:^4.1.6, graceful-fs@npm:^4.2.0, graceful-fs@npm:^4.2.6":
  version: 4.2.11
  resolution: "graceful-fs@npm:4.2.11"
  checksum: 10/bf152d0ed1dc159239db1ba1f74fdbc40cb02f626770dcd5815c427ce0688c2635a06ed69af364396da4636d0408fcf7d4afdf7881724c3307e46aff30ca49e2
  languageName: node
  linkType: hard

"has-flag@npm:^4.0.0":
  version: 4.0.0
  resolution: "has-flag@npm:4.0.0"
  checksum: 10/261a1357037ead75e338156b1f9452c016a37dcd3283a972a30d9e4a87441ba372c8b81f818cd0fbcd9c0354b4ae7e18b9e1afa1971164aef6d18c2b6095a8ad
  languageName: node
  linkType: hard

"has-property-descriptors@npm:^1.0.2":
  version: 1.0.2
  resolution: "has-property-descriptors@npm:1.0.2"
  dependencies:
    es-define-property: "npm:^1.0.0"
  checksum: 10/2d8c9ab8cebb572e3362f7d06139a4592105983d4317e68f7adba320fe6ddfc8874581e0971e899e633fd5f72e262830edce36d5a0bc863dad17ad20572484b2
  languageName: node
  linkType: hard

"has-symbols@npm:^1.1.0":
  version: 1.1.0
  resolution: "has-symbols@npm:1.1.0"
  checksum: 10/959385c98696ebbca51e7534e0dc723ada325efa3475350951363cce216d27373e0259b63edb599f72eb94d6cde8577b4b2375f080b303947e560f85692834fa
  languageName: node
  linkType: hard

"hasown@npm:^2.0.2":
  version: 2.0.4
  resolution: "hasown@npm:2.0.4"
  dependencies:
    function-bind: "npm:^1.1.2"
  checksum: 10/13823863ae48161068b4c51606a3128451c66f14545a5169d667fe9fca168dcd38c27570c7a299e32ef844b8da3d55def7fe88602f8970d4311fb543ee88001a
  languageName: node
  linkType: hard

"is-docker@npm:^2.0.0":
  version: 2.2.1
  resolution: "is-docker@npm:2.2.1"
  bin:
    is-docker: cli.js
  checksum: 10/3fef7ddbf0be25958e8991ad941901bf5922ab2753c46980b60b05c1bf9c9c2402d35e6dc32e4380b980ef5e1970a5d9d5e5aa2e02d77727c3b6b5e918474c56
  languageName: node
  linkType: hard

"is-number@npm:^7.0.0":
  version: 7.0.0
  resolution: "is-number@npm:7.0.0"
  checksum: 10/6a6c3383f68afa1e05b286af866017c78f1226d43ac8cb064e115ff9ed85eb33f5c4f7216c96a71e4dfea289ef52c5da3aef5bbfade8ffe47a0465d70c0c8e86
  languageName: node
  linkType: hard

"is-wsl@npm:^2.1.1":
  version: 2.2.0
  resolution: "is-wsl@npm:2.2.0"
  dependencies:
    is-docker: "npm:^2.0.0"
  checksum: 10/20849846ae414997d290b75e16868e5261e86ff5047f104027026fd61d8b5a9b0b3ade16239f35e1a067b3c7cc02f70183cb661010ed16f4b6c7c93dad1b19d8
  languageName: node
  linkType: hard

"isarray@npm:^2.0.5":
  version: 2.0.5
  resolution: "isarray@npm:2.0.5"
  checksum: 10/1d8bc7911e13bb9f105b1b3e0b396c787a9e63046af0b8fe0ab1414488ab06b2b099b87a2d8a9e31d21c9a6fad773c7fc8b257c4880f2d957274479d28ca3414
  languageName: node
  linkType: hard

"isexe@npm:^2.0.0":
  version: 2.0.0
  resolution: "isexe@npm:2.0.0"
  checksum: 10/7c9f715c03aff08f35e98b1fadae1b9267b38f0615d501824f9743f3aab99ef10e303ce7db3f186763a0b70a19de5791ebfc854ff884d5a8c4d92211f642ec92
  languageName: node
  linkType: hard

"isexe@npm:^4.0.0":
  version: 4.0.0
  resolution: "isexe@npm:4.0.0"
  checksum: 10/2ead327ef596042ef9c9ec5f236b316acfaedb87f4bb61b3c3d574fb2e9c8a04b67305e04733bde52c24d9622fdebd3270aadb632adfbf9cadef88fe30f479e5
  languageName: node
  linkType: hard

"json-stable-stringify@npm:^1.0.2":
  version: 1.3.0
  resolution: "json-stable-stringify@npm:1.3.0"
  dependencies:
    call-bind: "npm:^1.0.8"
    call-bound: "npm:^1.0.4"
    isarray: "npm:^2.0.5"
    jsonify: "npm:^0.0.1"
    object-keys: "npm:^1.1.1"
  checksum: 10/6661e9704733d2826b2012fea7b152ca216c82d8c725c8d390ee6434eabdf43c66fa6e6b423cce9bf95f8fec0ef52004c09a99043c7daf6e58595a0cff204629
  languageName: node
  linkType: hard

"jsonfile@npm:^6.0.1":
  version: 6.2.1
  resolution: "jsonfile@npm:6.2.1"
  dependencies:
    graceful-fs: "npm:^4.1.6"
    universalify: "npm:^2.0.0"
  dependenciesMeta:
    graceful-fs:
      optional: true
  checksum: 10/6022bcca984bb5ac57855f80d1c7013765c2db13624292d4652b83f9f4ae93486b82ba516ad5ea91d07cd2f6e2e579b42e422ec1d680e78605f4af25644b9797
  languageName: node
  linkType: hard

"jsonify@npm:^0.0.1":
  version: 0.0.1
  resolution: "jsonify@npm:0.0.1"
  checksum: 10/7b86b6f4518582ff1d8b7624ed6c6277affd5246445e864615dbdef843a4057ac58587684faf129ea111eeb80e01c15f0a4d9d03820eb3f3985fa67e81b12398
  languageName: node
  linkType: hard

"klaw-sync@npm:^6.0.0":
  version: 6.0.0
  resolution: "klaw-sync@npm:6.0.0"
  dependencies:
    graceful-fs: "npm:^4.1.11"
  checksum: 10/0da397f8961313c3ef8f79fb63af9002cde5a8fb2aeb1a37351feff0dd6006129c790400c3f5c3b4e757bedcabb13d21ec0a5eaef5a593d59515d4f2c291e475
  languageName: node
  linkType: hard

"math-intrinsics@npm:^1.1.0":
  version: 1.1.0
  resolution: "math-intrinsics@npm:1.1.0"
  checksum: 10/11df2eda46d092a6035479632e1ec865b8134bdfc4bd9e571a656f4191525404f13a283a515938c3a8de934dbfd9c09674d9da9fa831e6eb7e22b50b197d2edd
  languageName: node
  linkType: hard

"micromatch@npm:^4.0.2":
  version: 4.0.8
  resolution: "micromatch@npm:4.0.8"
  dependencies:
    braces: "npm:^3.0.3"
    picomatch: "npm:^2.3.1"
  checksum: 10/6bf2a01672e7965eb9941d1f02044fad2bd12486b5553dc1116ff24c09a8723157601dc992e74c911d896175918448762df3b3fd0a6b61037dd1a9766ddfbf58
  languageName: node
  linkType: hard

"minimist@npm:^1.2.6":
  version: 1.2.8
  resolution: "minimist@npm:1.2.8"
  checksum: 10/908491b6cc15a6c440ba5b22780a0ba89b9810e1aea684e253e43c4e3b8d56ec1dcdd7ea96dde119c29df59c936cde16062159eae4225c691e19c70b432b6e6f
  languageName: node
  linkType: hard

"minipass@npm:^7.0.4, minipass@npm:^7.1.2":
  version: 7.1.3
  resolution: "minipass@npm:7.1.3"
  checksum: 10/175e4d5e20980c3cd316ae82d2c031c42f6c746467d8b1905b51060a0ba4461441a0c25bb67c025fd9617f9a3873e152c7b543c6b5ac83a1846be8ade80dffd6
  languageName: node
  linkType: hard

"minizlib@npm:^3.1.0":
  version: 3.1.0
  resolution: "minizlib@npm:3.1.0"
  dependencies:
    minipass: "npm:^7.1.2"
  checksum: 10/f47365cc2cb7f078cbe7e046eb52655e2e7e97f8c0a9a674f4da60d94fb0624edfcec9b5db32e8ba5a99a5f036f595680ae6fe02a262beaa73026e505cc52f99
  languageName: node
  linkType: hard

"ms@npm:2.1.2":
  version: 2.1.2
  resolution: "ms@npm:2.1.2"
  checksum: 10/673cdb2c3133eb050c745908d8ce632ed2c02d85640e2edb3ace856a2266a813b30c613569bf3354fdf4ea7d1a1494add3bfa95e2713baa27d0c2c71fc44f58f
  languageName: node
  linkType: hard

"ms@npm:^2.1.3":
  version: 2.1.3
  resolution: "ms@npm:2.1.3"
  checksum: 10/aa92de608021b242401676e35cfa5aa42dd70cbdc082b916da7fb925c542173e36bce97ea3e804923fe92c0ad991434e4a38327e15a1b5b5f945d66df615ae6d
  languageName: node
  linkType: hard

"node-addon-api@npm:7.0.0":
  version: 7.0.0
  resolution: "node-addon-api@npm:7.0.0"
  dependencies:
    node-gyp: "npm:latest"
  checksum: 10/f1a54ae38f6cbd4cdfe69d1b2f3f0c4a3d227eb50f5073f0a3b985d29a0c39c94b82c88213e5075ee1bc262f2e869841c733ebe7111a5e376f1732649edf6a93
  languageName: node
  linkType: hard

"node-addon-api@npm:^8.0.0, node-addon-api@npm:^8.1.0, node-addon-api@npm:^8.3.1":
  version: 8.9.2
  resolution: "node-addon-api@npm:8.9.2"
  dependencies:
    node-gyp: "npm:latest"
  checksum: 10/5354f9b53631d99a952408112d795f36782fd41c0ac073bd91814805fe931b619c743689d0cedcc310c0ae8392fc9b104b2852d28cce294236407ca57d01743e
  languageName: node
  linkType: hard

"node-domexception@npm:^1.0.0":
  version: 1.0.0
  resolution: "node-domexception@npm:1.0.0"
  checksum: 10/e332522f242348c511640c25a6fc7da4f30e09e580c70c6b13cb0be83c78c3e71c8d4665af2527e869fc96848924a4316ae7ec9014c091e2156f41739d4fa233
  languageName: node
  linkType: hard

"node-fetch@npm:^3.3.2":
  version: 3.3.2
  resolution: "node-fetch@npm:3.3.2"
  dependencies:
    data-uri-to-buffer: "npm:^4.0.0"
    fetch-blob: "npm:^3.1.4"
    formdata-polyfill: "npm:^4.0.10"
  checksum: 10/24207ca8c81231c7c59151840e3fded461d67a31cf3e3b3968e12201a42f89ce4a0b5fb7079b1fa0a4655957b1ca9257553200f03a9f668b45ebad265ca5593d
  languageName: node
  linkType: hard

"node-gyp-build@npm:4.6.0":
  version: 4.6.0
  resolution: "node-gyp-build@npm:4.6.0"
  bin:
    node-gyp-build: bin.js
    node-gyp-build-optional: optional.js
    node-gyp-build-test: build-test.js
  checksum: 10/c8b57abe5e6e4a28dce450e3c0136bcce88d15602c33f1258ed9c9a52f156d34a00dd8864271b2f2acfd6ef4de0af3e75e5e76e771c4bc4f38dd0ee06ad178d8
  languageName: node
  linkType: hard

"node-gyp-build@npm:^4.5.0, node-gyp-build@npm:^4.8.1, node-gyp-build@npm:^4.8.4":
  version: 4.8.4
  resolution: "node-gyp-build@npm:4.8.4"
  bin:
    node-gyp-build: bin.js
    node-gyp-build-optional: optional.js
    node-gyp-build-test: build-test.js
  checksum: 10/6a7d62289d1afc419fc8fc9bd00aa4e554369e50ca0acbc215cb91446148b75ff7e2a3b53c2c5b2c09a39d416d69f3d3237937860373104b5fe429bf30ad9ac5
  languageName: node
  linkType: hard

"node-gyp@npm:latest":
  version: 13.0.1
  resolution: "node-gyp@npm:13.0.1"
  dependencies:
    env-paths: "npm:^2.2.0"
    exponential-backoff: "npm:^3.1.1"
    graceful-fs: "npm:^4.2.6"
    nopt: "npm:^10.0.0"
    proc-log: "npm:^7.0.0"
    semver: "npm:^7.3.5"
    tar: "npm:^7.5.4"
    tinyglobby: "npm:^0.2.12"
    undici: "npm:^8.4.1"
    which: "npm:^7.0.0"
  bin:
    node-gyp: bin/node-gyp.js
  checksum: 10/227ad4aaa7cda1b5d3bc20a58e36d354e400db9b0682a6540ce8e9aa530a56feec963100d7c449ccfcd85efd850383c9988b62a1d95dadef246117be42c78316
  languageName: node
  linkType: hard

"node-web-audio-api@npm:2.2.0":
  version: 2.2.0
  resolution: "node-web-audio-api@npm:2.2.0"
  dependencies:
    caller: "npm:^1.1.0"
    node-fetch: "npm:^3.3.2"
    webidl-conversions: "npm:^8.0.1"
  checksum: 10/40f8bc067a111bff6445cefd4d26b3bf79393469b703ea35f051f98fe17c919a4f199386ac36aab1a8213c79a421c2de5196d29b54e8fc1304692a0a88613f45
  languageName: node
  linkType: hard

"nopt@npm:^10.0.0":
  version: 10.0.1
  resolution: "nopt@npm:10.0.1"
  dependencies:
    abbrev: "npm:^5.0.0"
  bin:
    nopt: bin/nopt.js
  checksum: 10/8021371365e78a2cbab015cac50d8449aa2cc411f0b8f2edb466c1336c3dfee4e61c5bf5bde22ee7dcea80d5f4510a7a8705ed3646c8d782f28b550c62bc4fdf
  languageName: node
  linkType: hard

"now-playing@workspace:.":
  version: 0.0.0-use.local
  resolution: "now-playing@workspace:."
  dependencies:
    "@stoprocent/noble": "npm:2.7.1"
    "@thi.ng/atom": "npm:5.3.69"
    node-web-audio-api: "npm:2.2.0"
    rxjs: "npm:7.8.2"
    shazamio-core: "npm:1.3.1"
  languageName: unknown
  linkType: soft

"object-keys@npm:^1.1.1":
  version: 1.1.1
  resolution: "object-keys@npm:1.1.1"
  checksum: 10/3d81d02674115973df0b7117628ea4110d56042e5326413e4b4313f0bcdf7dd78d4a3acef2c831463fa3796a66762c49daef306f4a0ea1af44877d7086d73bde
  languageName: node
  linkType: hard

"open@npm:^7.4.2":
  version: 7.4.2
  resolution: "open@npm:7.4.2"
  dependencies:
    is-docker: "npm:^2.0.0"
    is-wsl: "npm:^2.1.1"
  checksum: 10/4fc02ed3368dcd5d7247ad3566433ea2695b0713b041ebc0eeb2f0f9e5d4e29fc2068f5cdd500976b3464e77fe8b61662b1b059c73233ccc601fe8b16d6c1cd6
  languageName: node
  linkType: hard

"patch-package@npm:^8.0.0":
  version: 8.0.1
  resolution: "patch-package@npm:8.0.1"
  dependencies:
    "@yarnpkg/lockfile": "npm:^1.1.0"
    chalk: "npm:^4.1.2"
    ci-info: "npm:^3.7.0"
    cross-spawn: "npm:^7.0.3"
    find-yarn-workspace-root: "npm:^2.0.0"
    fs-extra: "npm:^10.0.0"
    json-stable-stringify: "npm:^1.0.2"
    klaw-sync: "npm:^6.0.0"
    minimist: "npm:^1.2.6"
    open: "npm:^7.4.2"
    semver: "npm:^7.5.3"
    slash: "npm:^2.0.0"
    tmp: "npm:^0.2.4"
    yaml: "npm:^2.2.2"
  bin:
    patch-package: index.js
  checksum: 10/920a9fb0001ea67a66d79ea696e6d74e3040b0f282e09addae913978b6d0e8cb5ef9a4030eb77df8a5497e8822fa8449c2dfdc668ecff7fb9ff8bfef0c897c6e
  languageName: node
  linkType: hard

"path-key@npm:^3.1.0":
  version: 3.1.1
  resolution: "path-key@npm:3.1.1"
  checksum: 10/55cd7a9dd4b343412a8386a743f9c746ef196e57c823d90ca3ab917f90ab9f13dd0ded27252ba49dbdfcab2b091d998bc446f6220cd3cea65db407502a740020
  languageName: node
  linkType: hard

"picomatch@npm:^2.3.1":
  version: 2.3.2
  resolution: "picomatch@npm:2.3.2"
  checksum: 10/b788ef8148a2415b9dec12f0bb350ae6a5830f8f1950e472abc2f5225494debf7d1b75eb031df0ceaea9e8ec3e7bad599e8dbf3c60d61b42be429ba41bff4426
  languageName: node
  linkType: hard

"picomatch@npm:^4.0.4":
  version: 4.0.5
  resolution: "picomatch@npm:4.0.5"
  checksum: 10/8bad770af9dcdb7f94ad1a893adcbe08a97d75a18872f8fed37161d3124217471c402b3929f051532f795f4ff2e53dcebb1644df4c1a5f3a9c476fef3b9f8c51
  languageName: node
  linkType: hard

"proc-log@npm:^7.0.0":
  version: 7.0.0
  resolution: "proc-log@npm:7.0.0"
  checksum: 10/97cd9f4a8a0d84e42ee91e106e5ba5edcb954521e8dbe26ee6ad31396e5c12cc2be5e5b6be7b53fa5a69959afbacd32719106e2d6f45802e34b31d9a3a01ec20
  languageName: node
  linkType: hard

"rxjs@npm:7.8.2":
  version: 7.8.2
  resolution: "rxjs@npm:7.8.2"
  dependencies:
    tslib: "npm:^2.1.0"
  checksum: 10/03dff09191356b2b87d94fbc1e97c4e9eb3c09d4452399dddd451b09c2f1ba8d56925a40af114282d7bc0c6fe7514a2236ca09f903cf70e4bbf156650dddb49d
  languageName: node
  linkType: hard

"semver@npm:^7.3.5, semver@npm:^7.5.3":
  version: 7.8.5
  resolution: "semver@npm:7.8.5"
  bin:
    semver: bin/semver.js
  checksum: 10/9b01d2ff11e6e4a4539b7ca3c5f280c8704cb397a28504469f2ed4f00ad2194748d756647362a9712fff30984d15772ab7f083108c2fb508e2096ae9e708f22c
  languageName: node
  linkType: hard

"serialport@npm:^12.0.0":
  version: 12.0.0
  resolution: "serialport@npm:12.0.0"
  dependencies:
    "@serialport/binding-mock": "npm:10.2.2"
    "@serialport/bindings-cpp": "npm:12.0.1"
    "@serialport/parser-byte-length": "npm:12.0.0"
    "@serialport/parser-cctalk": "npm:12.0.0"
    "@serialport/parser-delimiter": "npm:12.0.0"
    "@serialport/parser-inter-byte-timeout": "npm:12.0.0"
    "@serialport/parser-packet-length": "npm:12.0.0"
    "@serialport/parser-readline": "npm:12.0.0"
    "@serialport/parser-ready": "npm:12.0.0"
    "@serialport/parser-regex": "npm:12.0.0"
    "@serialport/parser-slip-encoder": "npm:12.0.0"
    "@serialport/parser-spacepacket": "npm:12.0.0"
    "@serialport/stream": "npm:12.0.0"
    debug: "npm:4.3.4"
  checksum: 10/2605489ec09bd0330ae25a6fe5b2b3cb526f23ee8e554d13704b01f754233f0d5095153c85ded11d4f49cf7575fc0bca678eceee64e845b46e210a5aacb36f3a
  languageName: node
  linkType: hard

"set-function-length@npm:^1.2.2":
  version: 1.2.2
  resolution: "set-function-length@npm:1.2.2"
  dependencies:
    define-data-property: "npm:^1.1.4"
    es-errors: "npm:^1.3.0"
    function-bind: "npm:^1.1.2"
    get-intrinsic: "npm:^1.2.4"
    gopd: "npm:^1.0.1"
    has-property-descriptors: "npm:^1.0.2"
  checksum: 10/505d62b8e088468917ca4e3f8f39d0e29f9a563b97dbebf92f4bd2c3172ccfb3c5b8e4566d5fcd00784a00433900e7cb8fbc404e2dbd8c3818ba05bb9d4a8a6d
  languageName: node
  linkType: hard

"shazamio-core@npm:1.3.1":
  version: 1.3.1
  resolution: "shazamio-core@npm:1.3.1"
  checksum: 10/387e390c3bbb8d6ef57b4fd2721fe16682ed01277a9f918dacf877a58be1312875961cfd527b05b32b60328c784fc64d781e4a965e921258fa213e51060f6703
  languageName: node
  linkType: hard

"shebang-command@npm:^2.0.0":
  version: 2.0.0
  resolution: "shebang-command@npm:2.0.0"
  dependencies:
    shebang-regex: "npm:^3.0.0"
  checksum: 10/6b52fe87271c12968f6a054e60f6bde5f0f3d2db483a1e5c3e12d657c488a15474121a1d55cd958f6df026a54374ec38a4a963988c213b7570e1d51575cea7fa
  languageName: node
  linkType: hard

"shebang-regex@npm:^3.0.0":
  version: 3.0.0
  resolution: "shebang-regex@npm:3.0.0"
  checksum: 10/1a2bcae50de99034fcd92ad4212d8e01eedf52c7ec7830eedcf886622804fe36884278f2be8be0ea5fde3fd1c23911643a4e0f726c8685b61871c8908af01222
  languageName: node
  linkType: hard

"slash@npm:^2.0.0":
  version: 2.0.0
  resolution: "slash@npm:2.0.0"
  checksum: 10/512d4350735375bd11647233cb0e2f93beca6f53441015eea241fe784d8068281c3987fbaa93e7ef1c38df68d9c60013045c92837423c69115297d6169aa85e6
  languageName: node
  linkType: hard

"supports-color@npm:^7.1.0":
  version: 7.2.0
  resolution: "supports-color@npm:7.2.0"
  dependencies:
    has-flag: "npm:^4.0.0"
  checksum: 10/c8bb7afd564e3b26b50ca6ee47572c217526a1389fe018d00345856d4a9b08ffbd61fadaf283a87368d94c3dcdb8f5ffe2650a5a65863e21ad2730ca0f05210a
  languageName: node
  linkType: hard

"tar@npm:^7.5.4":
  version: 7.5.22
  resolution: "tar@npm:7.5.22"
  dependencies:
    "@isaacs/fs-minipass": "npm:^4.0.0"
    chownr: "npm:^3.0.0"
    minipass: "npm:^7.1.2"
    minizlib: "npm:^3.1.0"
    yallist: "npm:^5.0.0"
  checksum: 10/129606384b3c895f422aaca48bf316357be6dc7aa35c1066c3f06c28acfff0be5b356e1b0a0be7c53a7a8945534ac06cec6d8e296d170d8a09c8bff67b29300e
  languageName: node
  linkType: hard

"tinyglobby@npm:^0.2.12":
  version: 0.2.17
  resolution: "tinyglobby@npm:0.2.17"
  dependencies:
    fdir: "npm:^6.5.0"
    picomatch: "npm:^4.0.4"
  checksum: 10/f85e8a217d675c3f78d5f0ad25ea4557e7e023ed13ddc2b014da10bd0312eea53a34cd52356af07ccdff777f1243012547656282a4ca70936f68bf5065fbaa71
  languageName: node
  linkType: hard

"tmp@npm:^0.2.4":
  version: 0.2.7
  resolution: "tmp@npm:0.2.7"
  checksum: 10/0a3bc90beb0c6275273c3475fb57e466eaab1c9c4a101d029ff62b18146ce136e7f75d09de34863d9f2c2a492751402508f9e028bc98eb34a1416195d4b15619
  languageName: node
  linkType: hard

"to-regex-range@npm:^5.0.1":
  version: 5.0.1
  resolution: "to-regex-range@npm:5.0.1"
  dependencies:
    is-number: "npm:^7.0.0"
  checksum: 10/10dda13571e1f5ad37546827e9b6d4252d2e0bc176c24a101252153ef435d83696e2557fe128c4678e4e78f5f01e83711c703eef9814eb12dab028580d45980a
  languageName: node
  linkType: hard

"tslib@npm:^2.1.0":
  version: 2.8.1
  resolution: "tslib@npm:2.8.1"
  checksum: 10/3e2e043d5c2316461cb54e5c7fe02c30ef6dccb3384717ca22ae5c6b5bc95232a6241df19c622d9c73b809bea33b187f6dbc73030963e29950c2141bc32a79f7
  languageName: node
  linkType: hard

"undici@npm:^8.4.1":
  version: 8.10.0
  resolution: "undici@npm:8.10.0"
  checksum: 10/254219966d4a2fb110f565ffe73131caa82e949f207b9dd88930ebc23dfb6561db72ca187391cbd408ceeba7c647cb47d4110e8ae00df44c0c66e8a21e091dc0
  languageName: node
  linkType: hard

"universalify@npm:^2.0.0":
  version: 2.0.1
  resolution: "universalify@npm:2.0.1"
  checksum: 10/ecd8469fe0db28e7de9e5289d32bd1b6ba8f7183db34f3bfc4ca53c49891c2d6aa05f3fb3936a81285a905cc509fb641a0c3fc131ec786167eff41236ae32e60
  languageName: node
  linkType: hard

"usb@npm:^2.14.0":
  version: 2.18.0
  resolution: "usb@npm:2.18.0"
  dependencies:
    "@types/w3c-web-usb": "npm:^1.0.6"
    node-addon-api: "npm:^8.0.0"
    node-gyp: "npm:latest"
    node-gyp-build: "npm:^4.5.0"
  checksum: 10/c310aecbc2ced2fae0bc0ca137cb09441770427750d843066d43f8f1d662e998d251d6ce4d594c879855a5c6233660e500def6de3ac57515515655adfb690ff5
  languageName: node
  linkType: hard

"web-streams-polyfill@npm:^3.0.3":
  version: 3.3.3
  resolution: "web-streams-polyfill@npm:3.3.3"
  checksum: 10/8e7e13501b3834094a50abe7c0b6456155a55d7571312b89570012ef47ec2a46d766934768c50aabad10a9c30dd764a407623e8bfcc74fcb58495c29130edea9
  languageName: node
  linkType: hard

"webidl-conversions@npm:^8.0.1":
  version: 8.0.1
  resolution: "webidl-conversions@npm:8.0.1"
  checksum: 10/0f7007311f1fc257a8e406dd236f13b61fb57cf0fddb476aec33457d2d0add2d012d6df0eeb00934399238e3f3b9dad30f59dc6ac83024ae0ebd5a518bf365e8
  languageName: node
  linkType: hard

"which@npm:^2.0.1":
  version: 2.0.2
  resolution: "which@npm:2.0.2"
  dependencies:
    isexe: "npm:^2.0.0"
  bin:
    node-which: ./bin/node-which
  checksum: 10/4782f8a1d6b8fc12c65e968fea49f59752bf6302dc43036c3bf87da718a80710f61a062516e9764c70008b487929a73546125570acea95c5b5dcc8ac3052c70f
  languageName: node
  linkType: hard

"which@npm:^7.0.0":
  version: 7.0.0
  resolution: "which@npm:7.0.0"
  dependencies:
    isexe: "npm:^4.0.0"
  bin:
    node-which: bin/which.js
  checksum: 10/913a43ac10df37602ba9795a004dd7ab12ba7dd592aca1f08ec333be1fdd6a49bbf119a88c3f8d0ea70eeb6251726e77069251424d73000299a0a840ed000732
  languageName: node
  linkType: hard

"yallist@npm:^5.0.0":
  version: 5.0.0
  resolution: "yallist@npm:5.0.0"
  checksum: 10/1884d272d485845ad04759a255c71775db0fac56308764b4c77ea56a20d56679fad340213054c8c9c9c26fcfd4c4b2a90df993b7e0aaf3cdb73c618d1d1a802a
  languageName: node
  linkType: hard

"yaml@npm:^2.2.2":
  version: 2.9.0
  resolution: "yaml@npm:2.9.0"
  bin:
    yaml: bin.mjs
  checksum: 10/9a95e8e08651c3d292ab6a5befeb5f57b76801caa097c75bb45c9a70ce19c1b11f57e87a6ef84a579ea070ed2c2c8ac541c88c0ae684d544d5f42c7e77d11b7b
  languageName: node
  linkType: hard
